// !$*UTF8*$!
{
	archiveVersion = 1;
	classes = {
	};
	objectVersion = 56;
	objects = {

/* Begin PBXBuildFile section */
		5350350DAE0B429AD4688CDE /* AppEnvironment.swift in Sources */ = {isa = PBXBuildFile; fileRef = 18798706EE4CFBFE40C35C32 /* AppEnvironment.swift */; };
		9816C631EE22B59957CE20AA /* RootTabView.swift in Sources */ = {isa = PBXBuildFile; fileRef = ECBB19CEB18CB2117EE045E3 /* RootTabView.swift */; };
		32E5130B66C62A390416D89A /* EventCard.swift in Sources */ = {isa = PBXBuildFile; fileRef = 7B54DD54481F9B72EBEF41AE /* EventCard.swift */; };
		A68C5B642CAC2C4334DB635F /* FloatingConciergeButton.swift in Sources */ = {isa = PBXBuildFile; fileRef = F1C47CEFBF9E7FF1F73C4C89 /* FloatingConciergeButton.swift */; };
		F6DB8AEEE180494957FB8AF1 /* GlassCard.swift in Sources */ = {isa = PBXBuildFile; fileRef = A48E2A012F4CFE502DD40F8E /* GlassCard.swift */; };
		4D179E274BB5E796EE526220 /* HeroMediaView.swift in Sources */ = {isa = PBXBuildFile; fileRef = 9FC112E6021ACB5A58B60286 /* HeroMediaView.swift */; };
		A934F5BB0F8884EA0A8343C2 /* LoadingSkeleton.swift in Sources */ = {isa = PBXBuildFile; fileRef = 5ED90995576A2BE9C7929987 /* LoadingSkeleton.swift */; };
		10683CA33F4BE75F7D4E5A46 /* LuxuryButton.swift in Sources */ = {isa = PBXBuildFile; fileRef = 43F3DC734ECDBFA96BD9C1A5 /* LuxuryButton.swift */; };
		1C291D29B71B6927A43CBAFF /* MembershipCard.swift in Sources */ = {isa = PBXBuildFile; fileRef = AA3126843EE00E8DE5067FE9 /* MembershipCard.swift */; };
		58929A228DCF2C82E8E03069 /* MenuCard.swift in Sources */ = {isa = PBXBuildFile; fileRef = 73E1C18A70188710A3B7DF67 /* MenuCard.swift */; };
		17D2666B7108C085FA90D803 /* ReservationCard.swift in Sources */ = {isa = PBXBuildFile; fileRef = 0076319A31A08237F06E890A /* ReservationCard.swift */; };
		76545F40E06891A6D84BD620 /* SectionHeader.swift in Sources */ = {isa = PBXBuildFile; fileRef = 4E699514F6C8F707AD7974A6 /* SectionHeader.swift */; };
		78A30BB03060D70A6EE9B338 /* VoiceButton.swift in Sources */ = {isa = PBXBuildFile; fileRef = 7BF739C3F3AFB1011E06A9F1 /* VoiceButton.swift */; };
		17B047DBACBB4A949A6E8A7A /* WaveformView.swift in Sources */ = {isa = PBXBuildFile; fileRef = 376B1B74E28EFFB336F0ADBF /* WaveformView.swift */; };
		43DDAB58F6654C2A26076EC1 /* ConciergeSystemPrompt.swift in Sources */ = {isa = PBXBuildFile; fileRef = 0D5ED47CB5E1C5E80EF7583D /* ConciergeSystemPrompt.swift */; };
		45B6B428B4C82CFEE48BECD0 /* ConversationEngine.swift in Sources */ = {isa = PBXBuildFile; fileRef = 5D2613FCBE93576C518B1E7F /* ConversationEngine.swift */; };
		679DD784EAEE8762E1CFC52F /* MockConciergeAI.swift in Sources */ = {isa = PBXBuildFile; fileRef = 44685E4688EBC32C7E53DBDF /* MockConciergeAI.swift */; };
		FAF0435BCD962443E2400CEC /* Color+Hex.swift in Sources */ = {isa = PBXBuildFile; fileRef = FAA7011FED131186FC33D80A /* Color+Hex.swift */; };
		A56290328E6EA110396B1284 /* Date+Extensions.swift in Sources */ = {isa = PBXBuildFile; fileRef = BE1C27872194921F5119B844 /* Date+Extensions.swift */; };
		1CF932C0CE122CE2F9634F00 /* View+Luxury.swift in Sources */ = {isa = PBXBuildFile; fileRef = 6AA808B356A7DC45FACF9F66 /* View+Luxury.swift */; };
		D535C432C3314749C6A71CAA /* Allergen.swift in Sources */ = {isa = PBXBuildFile; fileRef = 374C70AA025AA2E65C7F917D /* Allergen.swift */; };
		EC4BD88FEBD14D1F6395C680 /* ConciergeMessage.swift in Sources */ = {isa = PBXBuildFile; fileRef = 14828195D3ECA11CFAE71DFD /* ConciergeMessage.swift */; };
		2E609BC409FE53F0B0A2514C /* LoungeOffering.swift in Sources */ = {isa = PBXBuildFile; fileRef = 2AAF13A13178BFB9FBE69E70 /* LoungeOffering.swift */; };
		C8A3DD0EE347684648357243 /* Membership.swift in Sources */ = {isa = PBXBuildFile; fileRef = 1A932C5E62F83A70819F7059 /* Membership.swift */; };
		E249A59F5EAAE638C6C78876 /* MenuItem.swift in Sources */ = {isa = PBXBuildFile; fileRef = 2633A427BA7D5C0F4E3A3F75 /* MenuItem.swift */; };
		328D97D690333CB11FBBC8D7 /* OpeningHours.swift in Sources */ = {isa = PBXBuildFile; fileRef = 5AB41C9DE8105C63EDE89045 /* OpeningHours.swift */; };
		66569B849CF4769B01063C9D /* Reservation.swift in Sources */ = {isa = PBXBuildFile; fileRef = 00E1B1AA1B16139F11EAF024 /* Reservation.swift */; };
		5BA3638D34A40E4875C3607C /* SwiftDataModels.swift in Sources */ = {isa = PBXBuildFile; fileRef = A2ED1B2138A0ED66C6132D80 /* SwiftDataModels.swift */; };
		306E38C21C078905CE4B50C8 /* UserProfile.swift in Sources */ = {isa = PBXBuildFile; fileRef = 594E3D3F234AC9FECB0977C1 /* UserProfile.swift */; };
		BF5816B074C1E974DAF2E879 /* VenueEvent.swift in Sources */ = {isa = PBXBuildFile; fileRef = 3F67932CB725D954CD64C0AC /* VenueEvent.swift */; };
		1D560049499F78744C89A5F5 /* APIClient.swift in Sources */ = {isa = PBXBuildFile; fileRef = CB60D13CDD159A25EB2B636B /* APIClient.swift */; };
		8BC09AB1E371BF9B776564EC /* APIClientProtocol.swift in Sources */ = {isa = PBXBuildFile; fileRef = F657BE060066C4B819BCB107 /* APIClientProtocol.swift */; };
		B1871A78FCC625AB44CB918F /* APIConfiguration.swift in Sources */ = {isa = PBXBuildFile; fileRef = 101405F4AFE5EE25491DCD3E /* APIConfiguration.swift */; };
		9F684CA6A63DB35C102E000E /* APIEndpoint.swift in Sources */ = {isa = PBXBuildFile; fileRef = B15DFFAEE03862332D9DD058 /* APIEndpoint.swift */; };
		BAAB5306B2BD4B77CF776E7E /* APIError.swift in Sources */ = {isa = PBXBuildFile; fileRef = 2EAAB6115F32E64C5719D71B /* APIError.swift */; };
		0DF3484662477654F0A61585 /* MockAPIResponder.swift in Sources */ = {isa = PBXBuildFile; fileRef = CF9D648370432057D85FA639 /* MockAPIResponder.swift */; };
		1769BC3713D91A39B4A32238 /* MockBackend.swift in Sources */ = {isa = PBXBuildFile; fileRef = 43B6A974B28F60F204235AB4 /* MockBackend.swift */; };
		280C13DBF5A2C47EC0C5D46F /* OpenAIIntegrationNotes.swift in Sources */ = {isa = PBXBuildFile; fileRef = E49FB13C3958F0FAFB39D902 /* OpenAIIntegrationNotes.swift */; };
		B367A2F6EA785E5ED32D2B3F /* AnalyticsService.swift in Sources */ = {isa = PBXBuildFile; fileRef = 205DD75EE96C617075AE1FA5 /* AnalyticsService.swift */; };
		5B097525A02EA73A457E0463 /* AuthService.swift in Sources */ = {isa = PBXBuildFile; fileRef = 537DE7017F6AA89FEE31156E /* AuthService.swift */; };
		1A5EB1DD41C2EAFEACE45468 /* NotificationService.swift in Sources */ = {isa = PBXBuildFile; fileRef = B67D600694499A7344E96424 /* NotificationService.swift */; };
		3598EAC6A23FE08BADF5A152 /* PaymentService.swift in Sources */ = {isa = PBXBuildFile; fileRef = 8908C2FD03A1312076BBFC8D /* PaymentService.swift */; };
		0701545AD57A3225A4C14D9C /* PermissionService.swift in Sources */ = {isa = PBXBuildFile; fileRef = 9D9201ED259711BED988011F /* PermissionService.swift */; };
		24CD9406FAF172A16C6574F3 /* SpeechRecognizer.swift in Sources */ = {isa = PBXBuildFile; fileRef = BF0EA84EFCCC9C8CD01F5B04 /* SpeechRecognizer.swift */; };
		4467A2BD5387E569C6D08066 /* VoicePlaybackService.swift in Sources */ = {isa = PBXBuildFile; fileRef = C5A23A487CE7F64A873C68E5 /* VoicePlaybackService.swift */; };
		284C85351209E1126D174026 /* GlassModifier.swift in Sources */ = {isa = PBXBuildFile; fileRef = D034AF65AC44AA299EF6BB87 /* GlassModifier.swift */; };
		9F59F2E3423419EC88E70719 /* VelaneraColors.swift in Sources */ = {isa = PBXBuildFile; fileRef = 6EFCB5E837550CFB8E559277 /* VelaneraColors.swift */; };
		17E577AA5F7CF35F37E5F954 /* VelaneraSpacing.swift in Sources */ = {isa = PBXBuildFile; fileRef = 4E51CB495FEBBA1184F2C219 /* VelaneraSpacing.swift */; };
		B43F558EDBFB6E0DB55E4C8D /* VelaneraTheme.swift in Sources */ = {isa = PBXBuildFile; fileRef = 6BF6F82C063A458E4706B7B0 /* VelaneraTheme.swift */; };
		968A159E421A6FF893027338 /* VelaneraTypography.swift in Sources */ = {isa = PBXBuildFile; fileRef = 7E76BEFAA8FCA4F0E71D2B5F /* VelaneraTypography.swift */; };
		27EBBC1F7EE3F8F8F5382148 /* DateFormatters.swift in Sources */ = {isa = PBXBuildFile; fileRef = DE2E790A49987D3D688137C7 /* DateFormatters.swift */; };
		72C10CC92FA73CA3815F26CC /* HapticFeedback.swift in Sources */ = {isa = PBXBuildFile; fileRef = 6B9A42471DFD9D337DB37D5B /* HapticFeedback.swift */; };
		2514620C01814DABD9FA5001 /* VelaneraApp.swift in Sources */ = {isa = PBXBuildFile; fileRef = 31C4D722F9380A8EDCBA8392 /* VelaneraApp.swift */; };
		80AAB884B586FDB8F7ECE9B5 /* BookViewModel.swift in Sources */ = {isa = PBXBuildFile; fileRef = C1B569B0BABB3D93D92FE7A9 /* BookViewModel.swift */; };
		A63359CC8D09FFC438AC7971 /* ConciergeViewModel.swift in Sources */ = {isa = PBXBuildFile; fileRef = C410051BDE285A60DAC1A7B1 /* ConciergeViewModel.swift */; };
		778F9654DAA64060105916D0 /* HomeViewModel.swift in Sources */ = {isa = PBXBuildFile; fileRef = 2EA481780F58B1930BE4A760 /* HomeViewModel.swift */; };
		3B13C7EC38522248EA27C711 /* LoungeViewModel.swift in Sources */ = {isa = PBXBuildFile; fileRef = 6E8EE5A7322C8A9AC24E0ED2 /* LoungeViewModel.swift */; };
		B3A52A4DBCEB8CD3B9B80AD9 /* MembershipViewModel.swift in Sources */ = {isa = PBXBuildFile; fileRef = A57C2F32DE971DA952404627 /* MembershipViewModel.swift */; };
		224A076674951BD2F575CC40 /* ProfileViewModel.swift in Sources */ = {isa = PBXBuildFile; fileRef = CEA8E703C78CBD9C5DC1EA6B /* ProfileViewModel.swift */; };
		FD742EDD5C71149375E1311D /* RestaurantViewModel.swift in Sources */ = {isa = PBXBuildFile; fileRef = 934A6E4EF50576F26B74889A /* RestaurantViewModel.swift */; };
		A5A2991C30648660C871C4F0 /* BookView.swift in Sources */ = {isa = PBXBuildFile; fileRef = 7873371D82BF77540B467BF1 /* BookView.swift */; };
		5ECA477364770C0291526BEF /* ConciergeView.swift in Sources */ = {isa = PBXBuildFile; fileRef = 914C5D5B3FF49B34B8CF5135 /* ConciergeView.swift */; };
		52939FF2587D95F09C562243 /* TranscriptHistoryView.swift in Sources */ = {isa = PBXBuildFile; fileRef = C50D40F87763E997F32FAFC3 /* TranscriptHistoryView.swift */; };
		2422ABA0CABC034E02107009 /* HomeView.swift in Sources */ = {isa = PBXBuildFile; fileRef = 221A8D24931CB52E367F97D4 /* HomeView.swift */; };
		E678CDDE4289F947FCC961F4 /* LoungeView.swift in Sources */ = {isa = PBXBuildFile; fileRef = AC4C6589C4508CCA8D83626E /* LoungeView.swift */; };
		0A260086695FBEEB604E8743 /* MembershipView.swift in Sources */ = {isa = PBXBuildFile; fileRef = 9ECF535F424FA370A47D9BE5 /* MembershipView.swift */; };
		0D28183264E1E279D009AC0D /* ProfileView.swift in Sources */ = {isa = PBXBuildFile; fileRef = 4E62B40E17545538CB384B54 /* ProfileView.swift */; };
		D524B21DED2207D5BAE70FF9 /* RestaurantView.swift in Sources */ = {isa = PBXBuildFile; fileRef = 2BF0BCE3B55F46A5D0573D1E /* RestaurantView.swift */; };
		5AAA783FB5C3EAEB4720BF20 /* Assets.xcassets in Resources */ = {isa = PBXBuildFile; fileRef = 4CFB03D1306D8A275E2D486B /* Assets.xcassets */; };
/* End PBXBuildFile section */

/* Begin PBXFileReference section */
		18798706EE4CFBFE40C35C32 /* AppEnvironment.swift */ = {isa = PBXFileReference; lastKnownFileType = sourcecode.swift; path = AppEnvironment.swift; sourceTree = "<group>"; };
		ECBB19CEB18CB2117EE045E3 /* RootTabView.swift */ = {isa = PBXFileReference; lastKnownFileType = sourcecode.swift; path = RootTabView.swift; sourceTree = "<group>"; };
		4CFB03D1306D8A275E2D486B /* Assets.xcassets */ = {isa = PBXFileReference; lastKnownFileType = folder.assetcatalog; path = Assets.xcassets; sourceTree = "<group>"; };
		7B54DD54481F9B72EBEF41AE /* EventCard.swift */ = {isa = PBXFileReference; lastKnownFileType = sourcecode.swift; path = EventCard.swift; sourceTree = "<group>"; };
		F1C47CEFBF9E7FF1F73C4C89 /* FloatingConciergeButton.swift */ = {isa = PBXFileReference; lastKnownFileType = sourcecode.swift; path = FloatingConciergeButton.swift; sourceTree = "<group>"; };
		A48E2A012F4CFE502DD40F8E /* GlassCard.swift */ = {isa = PBXFileReference; lastKnownFileType = sourcecode.swift; path = GlassCard.swift; sourceTree = "<group>"; };
		9FC112E6021ACB5A58B60286 /* HeroMediaView.swift */ = {isa = PBXFileReference; lastKnownFileType = sourcecode.swift; path = HeroMediaView.swift; sourceTree = "<group>"; };
		5ED90995576A2BE9C7929987 /* LoadingSkeleton.swift */ = {isa = PBXFileReference; lastKnownFileType = sourcecode.swift; path = LoadingSkeleton.swift; sourceTree = "<group>"; };
		43F3DC734ECDBFA96BD9C1A5 /* LuxuryButton.swift */ = {isa = PBXFileReference; lastKnownFileType = sourcecode.swift; path = LuxuryButton.swift; sourceTree = "<group>"; };
		AA3126843EE00E8DE5067FE9 /* MembershipCard.swift */ = {isa = PBXFileReference; lastKnownFileType = sourcecode.swift; path = MembershipCard.swift; sourceTree = "<group>"; };
		73E1C18A70188710A3B7DF67 /* MenuCard.swift */ = {isa = PBXFileReference; lastKnownFileType = sourcecode.swift; path = MenuCard.swift; sourceTree = "<group>"; };
		0076319A31A08237F06E890A /* ReservationCard.swift */ = {isa = PBXFileReference; lastKnownFileType = sourcecode.swift; path = ReservationCard.swift; sourceTree = "<group>"; };
		4E699514F6C8F707AD7974A6 /* SectionHeader.swift */ = {isa = PBXFileReference; lastKnownFileType = sourcecode.swift; path = SectionHeader.swift; sourceTree = "<group>"; };
		7BF739C3F3AFB1011E06A9F1 /* VoiceButton.swift */ = {isa = PBXFileReference; lastKnownFileType = sourcecode.swift; path = VoiceButton.swift; sourceTree = "<group>"; };
		376B1B74E28EFFB336F0ADBF /* WaveformView.swift */ = {isa = PBXFileReference; lastKnownFileType = sourcecode.swift; path = WaveformView.swift; sourceTree = "<group>"; };
		0D5ED47CB5E1C5E80EF7583D /* ConciergeSystemPrompt.swift */ = {isa = PBXFileReference; lastKnownFileType = sourcecode.swift; path = ConciergeSystemPrompt.swift; sourceTree = "<group>"; };
		5D2613FCBE93576C518B1E7F /* ConversationEngine.swift */ = {isa = PBXFileReference; lastKnownFileType = sourcecode.swift; path = ConversationEngine.swift; sourceTree = "<group>"; };
		44685E4688EBC32C7E53DBDF /* MockConciergeAI.swift */ = {isa = PBXFileReference; lastKnownFileType = sourcecode.swift; path = MockConciergeAI.swift; sourceTree = "<group>"; };
		FAA7011FED131186FC33D80A /* Color+Hex.swift */ = {isa = PBXFileReference; lastKnownFileType = sourcecode.swift; path = Color+Hex.swift; sourceTree = "<group>"; };
		BE1C27872194921F5119B844 /* Date+Extensions.swift */ = {isa = PBXFileReference; lastKnownFileType = sourcecode.swift; path = Date+Extensions.swift; sourceTree = "<group>"; };
		6AA808B356A7DC45FACF9F66 /* View+Luxury.swift */ = {isa = PBXFileReference; lastKnownFileType = sourcecode.swift; path = View+Luxury.swift; sourceTree = "<group>"; };
		12F1C9823B7D241C34392D7F /* Info.plist */ = {isa = PBXFileReference; lastKnownFileType = text.plist.xml; path = Info.plist; sourceTree = "<group>"; };
		374C70AA025AA2E65C7F917D /* Allergen.swift */ = {isa = PBXFileReference; lastKnownFileType = sourcecode.swift; path = Allergen.swift; sourceTree = "<group>"; };
		14828195D3ECA11CFAE71DFD /* ConciergeMessage.swift */ = {isa = PBXFileReference; lastKnownFileType = sourcecode.swift; path = ConciergeMessage.swift; sourceTree = "<group>"; };
		2AAF13A13178BFB9FBE69E70 /* LoungeOffering.swift */ = {isa = PBXFileReference; lastKnownFileType = sourcecode.swift; path = LoungeOffering.swift; sourceTree = "<group>"; };
		1A932C5E62F83A70819F7059 /* Membership.swift */ = {isa = PBXFileReference; lastKnownFileType = sourcecode.swift; path = Membership.swift; sourceTree = "<group>"; };
		2633A427BA7D5C0F4E3A3F75 /* MenuItem.swift */ = {isa = PBXFileReference; lastKnownFileType = sourcecode.swift; path = MenuItem.swift; sourceTree = "<group>"; };
		5AB41C9DE8105C63EDE89045 /* OpeningHours.swift */ = {isa = PBXFileReference; lastKnownFileType = sourcecode.swift; path = OpeningHours.swift; sourceTree = "<group>"; };
		00E1B1AA1B16139F11EAF024 /* Reservation.swift */ = {isa = PBXFileReference; lastKnownFileType = sourcecode.swift; path = Reservation.swift; sourceTree = "<group>"; };
		A2ED1B2138A0ED66C6132D80 /* SwiftDataModels.swift */ = {isa = PBXFileReference; lastKnownFileType = sourcecode.swift; path = SwiftDataModels.swift; sourceTree = "<group>"; };
		594E3D3F234AC9FECB0977C1 /* UserProfile.swift */ = {isa = PBXFileReference; lastKnownFileType = sourcecode.swift; path = UserProfile.swift; sourceTree = "<group>"; };
		3F67932CB725D954CD64C0AC /* VenueEvent.swift */ = {isa = PBXFileReference; lastKnownFileType = sourcecode.swift; path = VenueEvent.swift; sourceTree = "<group>"; };
		CB60D13CDD159A25EB2B636B /* APIClient.swift */ = {isa = PBXFileReference; lastKnownFileType = sourcecode.swift; path = APIClient.swift; sourceTree = "<group>"; };
		F657BE060066C4B819BCB107 /* APIClientProtocol.swift */ = {isa = PBXFileReference; lastKnownFileType = sourcecode.swift; path = APIClientProtocol.swift; sourceTree = "<group>"; };
		101405F4AFE5EE25491DCD3E /* APIConfiguration.swift */ = {isa = PBXFileReference; lastKnownFileType = sourcecode.swift; path = APIConfiguration.swift; sourceTree = "<group>"; };
		B15DFFAEE03862332D9DD058 /* APIEndpoint.swift */ = {isa = PBXFileReference; lastKnownFileType = sourcecode.swift; path = APIEndpoint.swift; sourceTree = "<group>"; };
		2EAAB6115F32E64C5719D71B /* APIError.swift */ = {isa = PBXFileReference; lastKnownFileType = sourcecode.swift; path = APIError.swift; sourceTree = "<group>"; };
		CF9D648370432057D85FA639 /* MockAPIResponder.swift */ = {isa = PBXFileReference; lastKnownFileType = sourcecode.swift; path = MockAPIResponder.swift; sourceTree = "<group>"; };
		43B6A974B28F60F204235AB4 /* MockBackend.swift */ = {isa = PBXFileReference; lastKnownFileType = sourcecode.swift; path = MockBackend.swift; sourceTree = "<group>"; };
		E49FB13C3958F0FAFB39D902 /* OpenAIIntegrationNotes.swift */ = {isa = PBXFileReference; lastKnownFileType = sourcecode.swift; path = OpenAIIntegrationNotes.swift; sourceTree = "<group>"; };
		205DD75EE96C617075AE1FA5 /* AnalyticsService.swift */ = {isa = PBXFileReference; lastKnownFileType = sourcecode.swift; path = AnalyticsService.swift; sourceTree = "<group>"; };
		537DE7017F6AA89FEE31156E /* AuthService.swift */ = {isa = PBXFileReference; lastKnownFileType = sourcecode.swift; path = AuthService.swift; sourceTree = "<group>"; };
		B67D600694499A7344E96424 /* NotificationService.swift */ = {isa = PBXFileReference; lastKnownFileType = sourcecode.swift; path = NotificationService.swift; sourceTree = "<group>"; };
		8908C2FD03A1312076BBFC8D /* PaymentService.swift */ = {isa = PBXFileReference; lastKnownFileType = sourcecode.swift; path = PaymentService.swift; sourceTree = "<group>"; };
		9D9201ED259711BED988011F /* PermissionService.swift */ = {isa = PBXFileReference; lastKnownFileType = sourcecode.swift; path = PermissionService.swift; sourceTree = "<group>"; };
		BF0EA84EFCCC9C8CD01F5B04 /* SpeechRecognizer.swift */ = {isa = PBXFileReference; lastKnownFileType = sourcecode.swift; path = SpeechRecognizer.swift; sourceTree = "<group>"; };
		C5A23A487CE7F64A873C68E5 /* VoicePlaybackService.swift */ = {isa = PBXFileReference; lastKnownFileType = sourcecode.swift; path = VoicePlaybackService.swift; sourceTree = "<group>"; };
		D034AF65AC44AA299EF6BB87 /* GlassModifier.swift */ = {isa = PBXFileReference; lastKnownFileType = sourcecode.swift; path = GlassModifier.swift; sourceTree = "<group>"; };
		6EFCB5E837550CFB8E559277 /* VelaneraColors.swift */ = {isa = PBXFileReference; lastKnownFileType = sourcecode.swift; path = VelaneraColors.swift; sourceTree = "<group>"; };
		4E51CB495FEBBA1184F2C219 /* VelaneraSpacing.swift */ = {isa = PBXFileReference; lastKnownFileType = sourcecode.swift; path = VelaneraSpacing.swift; sourceTree = "<group>"; };
		6BF6F82C063A458E4706B7B0 /* VelaneraTheme.swift */ = {isa = PBXFileReference; lastKnownFileType = sourcecode.swift; path = VelaneraTheme.swift; sourceTree = "<group>"; };
		7E76BEFAA8FCA4F0E71D2B5F /* VelaneraTypography.swift */ = {isa = PBXFileReference; lastKnownFileType = sourcecode.swift; path = VelaneraTypography.swift; sourceTree = "<group>"; };
		DE2E790A49987D3D688137C7 /* DateFormatters.swift */ = {isa = PBXFileReference; lastKnownFileType = sourcecode.swift; path = DateFormatters.swift; sourceTree = "<group>"; };
		6B9A42471DFD9D337DB37D5B /* HapticFeedback.swift */ = {isa = PBXFileReference; lastKnownFileType = sourcecode.swift; path = HapticFeedback.swift; sourceTree = "<group>"; };
		8D112346025269318A39D73A /* Velanera.entitlements */ = {isa = PBXFileReference; lastKnownFileType = text.plist.entitlements; path = Velanera.entitlements; sourceTree = "<group>"; };
		31C4D722F9380A8EDCBA8392 /* VelaneraApp.swift */ = {isa = PBXFileReference; lastKnownFileType = sourcecode.swift; path = VelaneraApp.swift; sourceTree = "<group>"; };
		C1B569B0BABB3D93D92FE7A9 /* BookViewModel.swift */ = {isa = PBXFileReference; lastKnownFileType = sourcecode.swift; path = BookViewModel.swift; sourceTree = "<group>"; };
		C410051BDE285A60DAC1A7B1 /* ConciergeViewModel.swift */ = {isa = PBXFileReference; lastKnownFileType = sourcecode.swift; path = ConciergeViewModel.swift; sourceTree = "<group>"; };
		2EA481780F58B1930BE4A760 /* HomeViewModel.swift */ = {isa = PBXFileReference; lastKnownFileType = sourcecode.swift; path = HomeViewModel.swift; sourceTree = "<group>"; };
		6E8EE5A7322C8A9AC24E0ED2 /* LoungeViewModel.swift */ = {isa = PBXFileReference; lastKnownFileType = sourcecode.swift; path = LoungeViewModel.swift; sourceTree = "<group>"; };
		A57C2F32DE971DA952404627 /* MembershipViewModel.swift */ = {isa = PBXFileReference; lastKnownFileType = sourcecode.swift; path = MembershipViewModel.swift; sourceTree = "<group>"; };
		CEA8E703C78CBD9C5DC1EA6B /* ProfileViewModel.swift */ = {isa = PBXFileReference; lastKnownFileType = sourcecode.swift; path = ProfileViewModel.swift; sourceTree = "<group>"; };
		934A6E4EF50576F26B74889A /* RestaurantViewModel.swift */ = {isa = PBXFileReference; lastKnownFileType = sourcecode.swift; path = RestaurantViewModel.swift; sourceTree = "<group>"; };
		7873371D82BF77540B467BF1 /* BookView.swift */ = {isa = PBXFileReference; lastKnownFileType = sourcecode.swift; path = BookView.swift; sourceTree = "<group>"; };
		914C5D5B3FF49B34B8CF5135 /* ConciergeView.swift */ = {isa = PBXFileReference; lastKnownFileType = sourcecode.swift; path = ConciergeView.swift; sourceTree = "<group>"; };
		C50D40F87763E997F32FAFC3 /* TranscriptHistoryView.swift */ = {isa = PBXFileReference; lastKnownFileType = sourcecode.swift; path = TranscriptHistoryView.swift; sourceTree = "<group>"; };
		221A8D24931CB52E367F97D4 /* HomeView.swift */ = {isa = PBXFileReference; lastKnownFileType = sourcecode.swift; path = HomeView.swift; sourceTree = "<group>"; };
		AC4C6589C4508CCA8D83626E /* LoungeView.swift */ = {isa = PBXFileReference; lastKnownFileType = sourcecode.swift; path = LoungeView.swift; sourceTree = "<group>"; };
		9ECF535F424FA370A47D9BE5 /* MembershipView.swift */ = {isa = PBXFileReference; lastKnownFileType = sourcecode.swift; path = MembershipView.swift; sourceTree = "<group>"; };
		4E62B40E17545538CB384B54 /* ProfileView.swift */ = {isa = PBXFileReference; lastKnownFileType = sourcecode.swift; path = ProfileView.swift; sourceTree = "<group>"; };
		2BF0BCE3B55F46A5D0573D1E /* RestaurantView.swift */ = {isa = PBXFileReference; lastKnownFileType = sourcecode.swift; path = RestaurantView.swift; sourceTree = "<group>"; };
		4A1D29BB08912F70F9F2663A /* Velanera.app */ = {isa = PBXFileReference; explicitFileType = wrapper.application; includeInIndex = 0; path = Velanera.app; sourceTree = BUILT_PRODUCTS_DIR; };
		C02F3CBDF202EDD39D98E1E9 /* Debug.xcconfig */ = {isa = PBXFileReference; lastKnownFileType = text.xcconfig; path = Debug.xcconfig; sourceTree = "<group>"; };
		019F71200D4D3262B9687E35 /* Release.xcconfig */ = {isa = PBXFileReference; lastKnownFileType = text.xcconfig; path = Release.xcconfig; sourceTree = "<group>"; };
/* End PBXFileReference section */

/* Begin PBXFrameworksBuildPhase section */
		4F6F5CC3FCCF73F75AE9CCF4 /* Frameworks */ = {
			isa = PBXFrameworksBuildPhase;
			buildActionMask = 2147483647;
			files = (
			);
			runOnlyForDeploymentPostprocessing = 0;
		};
/* End PBXFrameworksBuildPhase section */

/* Begin PBXGroup section */
		2C01A065276119D860F7096C /* Velanera */ = {
			isa = PBXGroup;
			children = (
				07D852466CA0BD085B0AFB3B /* Extensions */;
				12F1C9823B7D241C34392D7F /* Info.plist */;
				20BA78C41AD48DCD2C8FD100 /* Speech */;
				30E55226AA05E8C3B80D9DCF /* Theme */;
				31C4D722F9380A8EDCBA8392 /* VelaneraApp.swift */;
				38DF21AEF4612506D6BE5CBE /* Views */;
				4CFB03D1306D8A275E2D486B /* Assets.xcassets */;
				609874F33224C0C09F1FEE42 /* Services */;
				86B30826509D60ACFBFFFEC0 /* Components */;
				8777FF69244FA5CB4CC30D2B /* Networking */;
				8C82CBDAB62AC804C92AACD0 /* ViewModels */;
				8D112346025269318A39D73A /* Velanera.entitlements */;
				9021D2FAC036FC5D483E9E11 /* Utilities */;
				A1C86A29E589D48EC70B6A32 /* Models */;
				C95138BEFC5AF6AA5A8EB567 /* Concierge */;
				D1D0524B025E57AFFF263442 /* App */;
			);
			path = Velanera;
			sourceTree = "<group>";
		};
		D1D0524B025E57AFFF263442 /* App */ = {
			isa = PBXGroup;
			children = (
				18798706EE4CFBFE40C35C32 /* AppEnvironment.swift */;
				ECBB19CEB18CB2117EE045E3 /* RootTabView.swift */;
			);
			path = App;
			sourceTree = "<group>";
		};
		86B30826509D60ACFBFFFEC0 /* Components */ = {
			isa = PBXGroup;
			children = (
				0076319A31A08237F06E890A /* ReservationCard.swift */;
				376B1B74E28EFFB336F0ADBF /* WaveformView.swift */;
				43F3DC734ECDBFA96BD9C1A5 /* LuxuryButton.swift */;
				4E699514F6C8F707AD7974A6 /* SectionHeader.swift */;
				5ED90995576A2BE9C7929987 /* LoadingSkeleton.swift */;
				73E1C18A70188710A3B7DF67 /* MenuCard.swift */;
				7B54DD54481F9B72EBEF41AE /* EventCard.swift */;
				7BF739C3F3AFB1011E06A9F1 /* VoiceButton.swift */;
				9FC112E6021ACB5A58B60286 /* HeroMediaView.swift */;
				A48E2A012F4CFE502DD40F8E /* GlassCard.swift */;
				AA3126843EE00E8DE5067FE9 /* MembershipCard.swift */;
				F1C47CEFBF9E7FF1F73C4C89 /* FloatingConciergeButton.swift */;
			);
			path = Components;
			sourceTree = "<group>";
		};
		C95138BEFC5AF6AA5A8EB567 /* Concierge */ = {
			isa = PBXGroup;
			children = (
				0D5ED47CB5E1C5E80EF7583D /* ConciergeSystemPrompt.swift */;
				44685E4688EBC32C7E53DBDF /* MockConciergeAI.swift */;
				5D2613FCBE93576C518B1E7F /* ConversationEngine.swift */;
			);
			path = Concierge;
			sourceTree = "<group>";
		};
		07D852466CA0BD085B0AFB3B /* Extensions */ = {
			isa = PBXGroup;
			children = (
				6AA808B356A7DC45FACF9F66 /* View+Luxury.swift */;
				BE1C27872194921F5119B844 /* Date+Extensions.swift */;
				FAA7011FED131186FC33D80A /* Color+Hex.swift */;
			);
			path = Extensions;
			sourceTree = "<group>";
		};
		A1C86A29E589D48EC70B6A32 /* Models */ = {
			isa = PBXGroup;
			children = (
				00E1B1AA1B16139F11EAF024 /* Reservation.swift */;
				14828195D3ECA11CFAE71DFD /* ConciergeMessage.swift */;
				1A932C5E62F83A70819F7059 /* Membership.swift */;
				2633A427BA7D5C0F4E3A3F75 /* MenuItem.swift */;
				2AAF13A13178BFB9FBE69E70 /* LoungeOffering.swift */;
				374C70AA025AA2E65C7F917D /* Allergen.swift */;
				3F67932CB725D954CD64C0AC /* VenueEvent.swift */;
				594E3D3F234AC9FECB0977C1 /* UserProfile.swift */;
				5AB41C9DE8105C63EDE89045 /* OpeningHours.swift */;
				A2ED1B2138A0ED66C6132D80 /* SwiftDataModels.swift */;
			);
			path = Models;
			sourceTree = "<group>";
		};
		8777FF69244FA5CB4CC30D2B /* Networking */ = {
			isa = PBXGroup;
			children = (
				101405F4AFE5EE25491DCD3E /* APIConfiguration.swift */;
				2EAAB6115F32E64C5719D71B /* APIError.swift */;
				43B6A974B28F60F204235AB4 /* MockBackend.swift */;
				B15DFFAEE03862332D9DD058 /* APIEndpoint.swift */;
				CB60D13CDD159A25EB2B636B /* APIClient.swift */;
				CF9D648370432057D85FA639 /* MockAPIResponder.swift */;
				E49FB13C3958F0FAFB39D902 /* OpenAIIntegrationNotes.swift */;
				F657BE060066C4B819BCB107 /* APIClientProtocol.swift */;
			);
			path = Networking;
			sourceTree = "<group>";
		};
		609874F33224C0C09F1FEE42 /* Services */ = {
			isa = PBXGroup;
			children = (
				205DD75EE96C617075AE1FA5 /* AnalyticsService.swift */;
				537DE7017F6AA89FEE31156E /* AuthService.swift */;
				8908C2FD03A1312076BBFC8D /* PaymentService.swift */;
				9D9201ED259711BED988011F /* PermissionService.swift */;
				B67D600694499A7344E96424 /* NotificationService.swift */;
			);
			path = Services;
			sourceTree = "<group>";
		};
		20BA78C41AD48DCD2C8FD100 /* Speech */ = {
			isa = PBXGroup;
			children = (
				BF0EA84EFCCC9C8CD01F5B04 /* SpeechRecognizer.swift */;
				C5A23A487CE7F64A873C68E5 /* VoicePlaybackService.swift */;
			);
			path = Speech;
			sourceTree = "<group>";
		};
		30E55226AA05E8C3B80D9DCF /* Theme */ = {
			isa = PBXGroup;
			children = (
				4E51CB495FEBBA1184F2C219 /* VelaneraSpacing.swift */;
				6BF6F82C063A458E4706B7B0 /* VelaneraTheme.swift */;
				6EFCB5E837550CFB8E559277 /* VelaneraColors.swift */;
				7E76BEFAA8FCA4F0E71D2B5F /* VelaneraTypography.swift */;
				D034AF65AC44AA299EF6BB87 /* GlassModifier.swift */;
			);
			path = Theme;
			sourceTree = "<group>";
		};
		9021D2FAC036FC5D483E9E11 /* Utilities */ = {
			isa = PBXGroup;
			children = (
				6B9A42471DFD9D337DB37D5B /* HapticFeedback.swift */;
				DE2E790A49987D3D688137C7 /* DateFormatters.swift */;
			);
			path = Utilities;
			sourceTree = "<group>";
		};
		8C82CBDAB62AC804C92AACD0 /* ViewModels */ = {
			isa = PBXGroup;
			children = (
				2EA481780F58B1930BE4A760 /* HomeViewModel.swift */;
				6E8EE5A7322C8A9AC24E0ED2 /* LoungeViewModel.swift */;
				934A6E4EF50576F26B74889A /* RestaurantViewModel.swift */;
				A57C2F32DE971DA952404627 /* MembershipViewModel.swift */;
				C1B569B0BABB3D93D92FE7A9 /* BookViewModel.swift */;
				C410051BDE285A60DAC1A7B1 /* ConciergeViewModel.swift */;
				CEA8E703C78CBD9C5DC1EA6B /* ProfileViewModel.swift */;
			);
			path = ViewModels;
			sourceTree = "<group>";
		};
		38DF21AEF4612506D6BE5CBE /* Views */ = {
			isa = PBXGroup;
			children = (
				2FAEDE3E851F017B809CB742 /* Profile */;
				394D40701680FCA248A47087 /* Restaurant */;
				6B91405A1CDCFF4F2AD3C436 /* Membership */;
				C7BE705B4475500DF5DB0C4E /* Book */;
				D003045040B6999FF58DC165 /* Lounge */;
				F8B2B8769456F41ED54C8DA0 /* Home */;
				FC5E639D467070F2433BF6DD /* Concierge */;
			);
			path = Views;
			sourceTree = "<group>";
		};
		C7BE705B4475500DF5DB0C4E /* Book */ = {
			isa = PBXGroup;
			children = (
				7873371D82BF77540B467BF1 /* BookView.swift */;
			);
			path = Book;
			sourceTree = "<group>";
		};
		FC5E639D467070F2433BF6DD /* Concierge */ = {
			isa = PBXGroup;
			children = (
				914C5D5B3FF49B34B8CF5135 /* ConciergeView.swift */;
				C50D40F87763E997F32FAFC3 /* TranscriptHistoryView.swift */;
			);
			path = Concierge;
			sourceTree = "<group>";
		};
		F8B2B8769456F41ED54C8DA0 /* Home */ = {
			isa = PBXGroup;
			children = (
				221A8D24931CB52E367F97D4 /* HomeView.swift */;
			);
			path = Home;
			sourceTree = "<group>";
		};
		D003045040B6999FF58DC165 /* Lounge */ = {
			isa = PBXGroup;
			children = (
				AC4C6589C4508CCA8D83626E /* LoungeView.swift */;
			);
			path = Lounge;
			sourceTree = "<group>";
		};
		6B91405A1CDCFF4F2AD3C436 /* Membership */ = {
			isa = PBXGroup;
			children = (
				9ECF535F424FA370A47D9BE5 /* MembershipView.swift */;
			);
			path = Membership;
			sourceTree = "<group>";
		};
		2FAEDE3E851F017B809CB742 /* Profile */ = {
			isa = PBXGroup;
			children = (
				4E62B40E17545538CB384B54 /* ProfileView.swift */;
			);
			path = Profile;
			sourceTree = "<group>";
		};
		394D40701680FCA248A47087 /* Restaurant */ = {
			isa = PBXGroup;
			children = (
				2BF0BCE3B55F46A5D0573D1E /* RestaurantView.swift */;
			);
			path = Restaurant;
			sourceTree = "<group>";
		};
		1029F7BBD2FC8876965F659D /* Config */ = {
			isa = PBXGroup;
			children = (
				C02F3CBDF202EDD39D98E1E9 /* Debug.xcconfig */,
				019F71200D4D3262B9687E35 /* Release.xcconfig */,
			);
			path = Config;
			sourceTree = "<group>";
		};
		547D009064F7C3F13BEF3460 /* Products */ = {
			isa = PBXGroup;
			children = (
				4A1D29BB08912F70F9F2663A /* Velanera.app */,
			);
			name = Products;
			sourceTree = "<group>";
		};
		B9340614599AB78F485950C7 = {
			isa = PBXGroup;
			children = (
				2C01A065276119D860F7096C /* Velanera */,
				1029F7BBD2FC8876965F659D /* Config */,
				547D009064F7C3F13BEF3460 /* Products */,
			);
			sourceTree = "<group>";
		};
/* End PBXGroup section */

/* Begin PBXNativeTarget section */
		42AEFBAE01D2DFD981F7DA7D /* Velanera */ = {
			isa = PBXNativeTarget;
			buildConfigurationList = 7CFCAAA280ADA50A774EA8B7 /* Build configuration list for PBXNativeTarget "Velanera" */;
			buildPhases = (
				F2AB5FB218DA8B84623F4557 /* Sources */,
				4F6F5CC3FCCF73F75AE9CCF4 /* Frameworks */,
				55B558C7EF820E6E00E5993B /* Resources */,
			);
			buildRules = (
			);
			dependencies = (
			);
			name = Velanera;
			productName = Velanera;
			productReference = 4A1D29BB08912F70F9F2663A /* Velanera.app */;
			productType = "com.apple.product-type.application";
		};
/* End PBXNativeTarget section */

/* Begin PBXProject section */
		46F86FAA6BBF9AC94A7E4595 /* Project object */ = {
			isa = PBXProject;
			attributes = {
				BuildIndependentTargetsInParallel = 1;
				LastSwiftUpdateCheck = 1600;
				LastUpgradeCheck = 1600;
				TargetAttributes = {
					42AEFBAE01D2DFD981F7DA7D = {
						CreatedOnToolsVersion = 16.0;
					};
				};
			};
			buildConfigurationList = 927FED1AB2217D3B3EC771F8 /* Build configuration list for PBXProject "Velanera" */;
			compatibilityVersion = "Xcode 14.0";
			developmentRegion = en;
			hasScannedForEncodings = 0;
			knownRegions = (
				en,
				Base,
			);
			mainGroup = B9340614599AB78F485950C7;
			productRefGroup = 547D009064F7C3F13BEF3460 /* Products */;
			projectDirPath = "";
			projectRoot = "";
			targets = (
				42AEFBAE01D2DFD981F7DA7D /* Velanera */,
			);
		};
/* End PBXProject section */

/* Begin PBXResourcesBuildPhase section */
		55B558C7EF820E6E00E5993B /* Resources */ = {
			isa = PBXResourcesBuildPhase;
			buildActionMask = 2147483647;
			files = (
				5AAA783FB5C3EAEB4720BF20 /* Assets.xcassets in Resources */,
			);
			runOnlyForDeploymentPostprocessing = 0;
		};
/* End PBXResourcesBuildPhase section */

/* Begin PBXSourcesBuildPhase section */
		F2AB5FB218DA8B84623F4557 /* Sources */ = {
			isa = PBXSourcesBuildPhase;
			buildActionMask = 2147483647;
			files = (
				5350350DAE0B429AD4688CDE /* AppEnvironment.swift in Sources */,
				9816C631EE22B59957CE20AA /* RootTabView.swift in Sources */,
				32E5130B66C62A390416D89A /* EventCard.swift in Sources */,
				A68C5B642CAC2C4334DB635F /* FloatingConciergeButton.swift in Sources */,
				F6DB8AEEE180494957FB8AF1 /* GlassCard.swift in Sources */,
				4D179E274BB5E796EE526220 /* HeroMediaView.swift in Sources */,
				A934F5BB0F8884EA0A8343C2 /* LoadingSkeleton.swift in Sources */,
				10683CA33F4BE75F7D4E5A46 /* LuxuryButton.swift in Sources */,
				1C291D29B71B6927A43CBAFF /* MembershipCard.swift in Sources */,
				58929A228DCF2C82E8E03069 /* MenuCard.swift in Sources */,
				17D2666B7108C085FA90D803 /* ReservationCard.swift in Sources */,
				76545F40E06891A6D84BD620 /* SectionHeader.swift in Sources */,
				78A30BB03060D70A6EE9B338 /* VoiceButton.swift in Sources */,
				17B047DBACBB4A949A6E8A7A /* WaveformView.swift in Sources */,
				43DDAB58F6654C2A26076EC1 /* ConciergeSystemPrompt.swift in Sources */,
				45B6B428B4C82CFEE48BECD0 /* ConversationEngine.swift in Sources */,
				679DD784EAEE8762E1CFC52F /* MockConciergeAI.swift in Sources */,
				FAF0435BCD962443E2400CEC /* Color+Hex.swift in Sources */,
				A56290328E6EA110396B1284 /* Date+Extensions.swift in Sources */,
				1CF932C0CE122CE2F9634F00 /* View+Luxury.swift in Sources */,
				D535C432C3314749C6A71CAA /* Allergen.swift in Sources */,
				EC4BD88FEBD14D1F6395C680 /* ConciergeMessage.swift in Sources */,
				2E609BC409FE53F0B0A2514C /* LoungeOffering.swift in Sources */,
				C8A3DD0EE347684648357243 /* Membership.swift in Sources */,
				E249A59F5EAAE638C6C78876 /* MenuItem.swift in Sources */,
				328D97D690333CB11FBBC8D7 /* OpeningHours.swift in Sources */,
				66569B849CF4769B01063C9D /* Reservation.swift in Sources */,
				5BA3638D34A40E4875C3607C /* SwiftDataModels.swift in Sources */,
				306E38C21C078905CE4B50C8 /* UserProfile.swift in Sources */,
				BF5816B074C1E974DAF2E879 /* VenueEvent.swift in Sources */,
				1D560049499F78744C89A5F5 /* APIClient.swift in Sources */,
				8BC09AB1E371BF9B776564EC /* APIClientProtocol.swift in Sources */,
				B1871A78FCC625AB44CB918F /* APIConfiguration.swift in Sources */,
				9F684CA6A63DB35C102E000E /* APIEndpoint.swift in Sources */,
				BAAB5306B2BD4B77CF776E7E /* APIError.swift in Sources */,
				0DF3484662477654F0A61585 /* MockAPIResponder.swift in Sources */,
				1769BC3713D91A39B4A32238 /* MockBackend.swift in Sources */,
				280C13DBF5A2C47EC0C5D46F /* OpenAIIntegrationNotes.swift in Sources */,
				B367A2F6EA785E5ED32D2B3F /* AnalyticsService.swift in Sources */,
				5B097525A02EA73A457E0463 /* AuthService.swift in Sources */,
				1A5EB1DD41C2EAFEACE45468 /* NotificationService.swift in Sources */,
				3598EAC6A23FE08BADF5A152 /* PaymentService.swift in Sources */,
				0701545AD57A3225A4C14D9C /* PermissionService.swift in Sources */,
				24CD9406FAF172A16C6574F3 /* SpeechRecognizer.swift in Sources */,
				4467A2BD5387E569C6D08066 /* VoicePlaybackService.swift in Sources */,
				284C85351209E1126D174026 /* GlassModifier.swift in Sources */,
				9F59F2E3423419EC88E70719 /* VelaneraColors.swift in Sources */,
				17E577AA5F7CF35F37E5F954 /* VelaneraSpacing.swift in Sources */,
				B43F558EDBFB6E0DB55E4C8D /* VelaneraTheme.swift in Sources */,
				968A159E421A6FF893027338 /* VelaneraTypography.swift in Sources */,
				27EBBC1F7EE3F8F8F5382148 /* DateFormatters.swift in Sources */,
				72C10CC92FA73CA3815F26CC /* HapticFeedback.swift in Sources */,
				2514620C01814DABD9FA5001 /* VelaneraApp.swift in Sources */,
				80AAB884B586FDB8F7ECE9B5 /* BookViewModel.swift in Sources */,
				A63359CC8D09FFC438AC7971 /* ConciergeViewModel.swift in Sources */,
				778F9654DAA64060105916D0 /* HomeViewModel.swift in Sources */,
				3B13C7EC38522248EA27C711 /* LoungeViewModel.swift in Sources */,
				B3A52A4DBCEB8CD3B9B80AD9 /* MembershipViewModel.swift in Sources */,
				224A076674951BD2F575CC40 /* ProfileViewModel.swift in Sources */,
				FD742EDD5C71149375E1311D /* RestaurantViewModel.swift in Sources */,
				A5A2991C30648660C871C4F0 /* BookView.swift in Sources */,
				5ECA477364770C0291526BEF /* ConciergeView.swift in Sources */,
				52939FF2587D95F09C562243 /* TranscriptHistoryView.swift in Sources */,
				2422ABA0CABC034E02107009 /* HomeView.swift in Sources */,
				E678CDDE4289F947FCC961F4 /* LoungeView.swift in Sources */,
				0A260086695FBEEB604E8743 /* MembershipView.swift in Sources */,
				0D28183264E1E279D009AC0D /* ProfileView.swift in Sources */,
				D524B21DED2207D5BAE70FF9 /* RestaurantView.swift in Sources */,
			);
			runOnlyForDeploymentPostprocessing = 0;
		};
/* End PBXSourcesBuildPhase section */

/* Begin XCBuildConfiguration section */
		25A612977370E9BBB0D0F673 /* Debug */ = {
			isa = XCBuildConfiguration;
			baseConfigurationReference = C02F3CBDF202EDD39D98E1E9 /* Debug.xcconfig */;
			buildSettings = {
				ALWAYS_SEARCH_USER_PATHS = NO;
				CLANG_ENABLE_MODULES = YES;
				CLANG_ENABLE_OBJC_ARC = YES;
				COPY_PHASE_STRIP = NO;
				DEBUG_INFORMATION_FORMAT = dwarf;
				ENABLE_TESTABILITY = YES;
				GCC_DYNAMIC_NO_PIC = NO;
				IPHONEOS_DEPLOYMENT_TARGET = 18.0;
				ONLY_ACTIVE_ARCH = YES;
				SDKROOT = iphoneos;
				SWIFT_ACTIVE_COMPILATION_CONDITIONS = "DEBUG $(inherited)";
				SWIFT_OPTIMIZATION_LEVEL = "-Onone";
			};
			name = Debug;
		};
		08A8B51AAF092EC945506A0E /* Release */ = {
			isa = XCBuildConfiguration;
			baseConfigurationReference = 019F71200D4D3262B9687E35 /* Release.xcconfig */;
			buildSettings = {
				ALWAYS_SEARCH_USER_PATHS = NO;
				CLANG_ENABLE_MODULES = YES;
				CLANG_ENABLE_OBJC_ARC = YES;
				COPY_PHASE_STRIP = NO;
				DEBUG_INFORMATION_FORMAT = "dwarf-with-dsym";
				IPHONEOS_DEPLOYMENT_TARGET = 18.0;
				SDKROOT = iphoneos;
				SWIFT_COMPILATION_MODE = wholemodule;
				VALIDATE_PRODUCT = YES;
			};
			name = Release;
		};
		68EB10A6BE9B2796BD7868DB /* Debug */ = {
			isa = XCBuildConfiguration;
			buildSettings = {
				ASSETCATALOG_COMPILER_APPICON_NAME = AppIcon;
				ASSETCATALOG_COMPILER_GLOBAL_ACCENT_COLOR_NAME = AccentColor;
				CODE_SIGN_ENTITLEMENTS = Velanera/Velanera.entitlements;
				CODE_SIGN_STYLE = Automatic;
				CURRENT_PROJECT_VERSION = 1;
				DEVELOPMENT_TEAM = "";
				ENABLE_PREVIEWS = YES;
				GENERATE_INFOPLIST_FILE = NO;
				INFOPLIST_FILE = Velanera/Info.plist;
				INFOPLIST_KEY_CFBundleDisplayName = Velanera;
				INFOPLIST_KEY_LSApplicationCategoryType = "public.app-category.food-and-drink";
				IPHONEOS_DEPLOYMENT_TARGET = 18.0;
				LD_RUNPATH_SEARCH_PATHS = (
					"$(inherited)",
					"@executable_path/Frameworks",
				);
				MARKETING_VERSION = 1.0;
				PRODUCT_BUNDLE_IDENTIFIER = co.velanera.app;
				PRODUCT_NAME = "$(TARGET_NAME)";
				SUPPORTED_PLATFORMS = "iphoneos iphonesimulator";
				SUPPORTS_MACCATALYST = NO;
				SWIFT_EMIT_LOC_STRINGS = YES;
				SWIFT_VERSION = 5.0;
				TARGETED_DEVICE_FAMILY = "1,2";
			};
			name = Debug;
		};
		ED6704AA85BC51D24B749428 /* Release */ = {
			isa = XCBuildConfiguration;
			buildSettings = {
				ASSETCATALOG_COMPILER_APPICON_NAME = AppIcon;
				ASSETCATALOG_COMPILER_GLOBAL_ACCENT_COLOR_NAME = AccentColor;
				CODE_SIGN_ENTITLEMENTS = Velanera/Velanera.entitlements;
				CODE_SIGN_STYLE = Automatic;
				CURRENT_PROJECT_VERSION = 1;
				DEVELOPMENT_TEAM = "";
				ENABLE_PREVIEWS = YES;
				GENERATE_INFOPLIST_FILE = NO;
				INFOPLIST_FILE = Velanera/Info.plist;
				INFOPLIST_KEY_CFBundleDisplayName = Velanera;
				INFOPLIST_KEY_LSApplicationCategoryType = "public.app-category.food-and-drink";
				IPHONEOS_DEPLOYMENT_TARGET = 18.0;
				LD_RUNPATH_SEARCH_PATHS = (
					"$(inherited)",
					"@executable_path/Frameworks",
				);
				MARKETING_VERSION = 1.0;
				PRODUCT_BUNDLE_IDENTIFIER = co.velanera.app;
				PRODUCT_NAME = "$(TARGET_NAME)";
				SUPPORTED_PLATFORMS = "iphoneos iphonesimulator";
				SUPPORTS_MACCATALYST = NO;
				SWIFT_EMIT_LOC_STRINGS = YES;
				SWIFT_VERSION = 5.0;
				TARGETED_DEVICE_FAMILY = "1,2";
			};
			name = Release;
		};
/* End XCBuildConfiguration section */

/* Begin XCConfigurationList section */
		927FED1AB2217D3B3EC771F8 /* Build configuration list for PBXProject "Velanera" */ = {
			isa = XCConfigurationList;
			buildConfigurations = (
				25A612977370E9BBB0D0F673 /* Debug */,
				08A8B51AAF092EC945506A0E /* Release */,
			);
			defaultConfigurationIsVisible = 0;
			defaultConfigurationName = Release;
		};
		7CFCAAA280ADA50A774EA8B7 /* Build configuration list for PBXNativeTarget "Velanera" */ = {
			isa = XCConfigurationList;
			buildConfigurations = (
				68EB10A6BE9B2796BD7868DB /* Debug */,
				ED6704AA85BC51D24B749428 /* Release */,
			);
			defaultConfigurationIsVisible = 0;
			defaultConfigurationName = Release;
		};
/* End XCConfigurationList section */
	};
	rootObject = 46F86FAA6BBF9AC94A7E4595 /* Project object */;
}
